{
  "lockfileVersion": 1,
  "configVersion": 1,
  "workspaces": {
    "": {
      "name": "parabun-browser-shims",
      "dependencies": {
        "wabt": "1.0.37",
      },
    },
  },
  "packages": {
    "wabt": ["wabt@1.0.37", "", { "bin": { "wasm2c": "bin/wasm2c", "wasm2wat": "bin/wasm2wat", "wat2wasm": "bin/wat2wasm", "wasm-stats": "bin/wasm-stats", "wasm-strip": "bin/wasm-strip", "wasm-interp": "bin/wasm-interp", "wasm-objdump": "bin/wasm-objdump", "wasm-validate": "bin/wasm-validate", "wasm-decompile": "bin/wasm-decompile" } }, "sha512-2B/TH4ppwtlkUosLtuIimKsTVnqM8aoXxYHnu/WOxiSqa+CGoZXmG+pQyfDQjEKIAc7GqFlJsuCKuK8rIPL1sg=="],
  }
}
